
Microsoft Visual Studio Solution File, Format Version 12.00
# Visual Studio Version 17
VisualStudioVersion = 17.2.32602.215
MinimumVisualStudioVersion = 10.0.40219.1
Project("{9A19103F-16F7-4668-BE54-9A1E7A4F7556}") = "BundlePackerConsole", "BundlePackerConsole\BundlePackerConsole.csproj", "{717CA53F-78EF-447B-80DA-BA263FE760D9}"
EndProject
Project("{9A19103F-16F7-4668-BE54-9A1E7A4F7556}") = "BundlePackerLib", "BundlePackerLib\BundlePackerLib.csproj", "{40142AA2-12CD-4CEA-BE89-B45E7CA00E27}"
EndProject
Global
	GlobalSection(SolutionConfigurationPlatforms) = preSolution
		Debug|Any CPU = Debug|Any CPU
		Release|Any CPU = Release|Any CPU
	EndGlobalSection
	GlobalSection(ProjectConfigurationPlatforms) = postSolution
		{717CA53F-78EF-447B-80DA-BA263FE760D9}.Debug|Any CPU.ActiveCfg = Debug|Any CPU
		{717CA53F-78EF-447B-80DA-BA263FE760D9}.Debug|Any CPU.Build.0 = Debug|Any CPU
		{717CA53F-78EF-447B-80DA-BA263FE760D9}.Release|Any CPU.ActiveCfg = Release|Any CPU
		{717CA53F-78EF-447B-80DA-BA263FE760D9}.Release|Any CPU.Build.0 = Release|Any CPU
		{40142AA2-12CD-4CEA-BE89-B45E7CA00E27}.Debug|Any CPU.ActiveCfg = Debug|Any CPU
		{40142AA2-12CD-4CEA-BE89-B45E7CA00E27}.Debug|Any CPU.Build.0 = Debug|Any CPU
		{40142AA2-12CD-4CEA-BE89-B45E7CA00E27}.Release|Any CPU.ActiveCfg = Release|Any CPU
		{40142AA2-12CD-4CEA-BE89-B45E7CA00E27}.Release|Any CPU.Build.0 = Release|Any CPU
	EndGlobalSection
	GlobalSection(SolutionProperties) = preSolution
		HideSolutionNode = FALSE
	EndGlobalSection
	GlobalSection(ExtensibilityGlobals) = postSolution
		SolutionGuid = {CBB07C36-937B-4C01-B4DB-C6929594FB8C}
	EndGlobalSection
EndGlobal
